// !$*UTF8*$!
{
	archiveVersion = 1;
	classes = {
	};
	objectVersion = 56;
	objects = {

/* Begin PBXBuildFile section */
		AAFADE000000000000000500 /* NoteTakrApp.swift in Sources */ = {isa = PBXBuildFile; fileRef = AAFADE000000000000000200 /* NoteTakrApp.swift */; };
		AAFADE000000000000000501 /* AppDelegate.swift in Sources */ = {isa = PBXBuildFile; fileRef = AAFADE000000000000000201 /* AppDelegate.swift */; };
		AAFADE000000000000000502 /* StatusBarController.swift in Sources */ = {isa = PBXBuildFile; fileRef = AAFADE000000000000000202 /* StatusBarController.swift */; };
		AAFADE000000000000000503 /* NoteTakrCore in Frameworks */ = {isa = PBXBuildFile; productRef = AAFADE000000000000000801 /* NoteTakrCore */; };
		AAFADE000000000000000591 /* TranscriptionRequestingAdapter.swift in Sources */ = {isa = PBXBuildFile; fileRef = AAFADE000000000000000558 /* TranscriptionRequestingAdapter.swift */; };
		AAFADE000000000000000592 /* RecordingBridgeIntegrationTests.swift in Sources */ = {isa = PBXBuildFile; fileRef = AAFADE000000000000000559 /* RecordingBridgeIntegrationTests.swift */; };
		AAFADE000000000000000510 /* NoteTakrLaunchTests.swift in Sources */ = {isa = PBXBuildFile; fileRef = AAFADE000000000000000210 /* NoteTakrLaunchTests.swift */; };
		AAFADE000000000000000511 /* NoteTakrCore in Frameworks */ = {isa = PBXBuildFile; productRef = AAFADE000000000000000802 /* NoteTakrCore */; };
		AAFADE000000000000000512 /* SessionViewTests.swift in Sources */ = {isa = PBXBuildFile; fileRef = AAFADE000000000000000211 /* SessionViewTests.swift */; };
		AAFADE000000000000000506 /* EventKitCalendarAdapter.swift in Sources */ = {isa = PBXBuildFile; fileRef = AAFADE000000000000000206 /* EventKitCalendarAdapter.swift */; };
		AAFADE000000000000000513 /* EventKitAdapterTests.swift in Sources */ = {isa = PBXBuildFile; fileRef = AAFADE000000000000000212 /* EventKitAdapterTests.swift */; };
		AAFADE000000000000000514 /* NativeAudioRecorder.swift in Sources */ = {isa = PBXBuildFile; fileRef = AAFADE000000000000000213 /* NativeAudioRecorder.swift */; };
		AAFADE000000000000000515 /* SystemAudioCapturer.swift in Sources */ = {isa = PBXBuildFile; fileRef = AAFADE000000000000000214 /* SystemAudioCapturer.swift */; };
		AAFADE000000000000000516 /* AudioPermissionManager.swift in Sources */ = {isa = PBXBuildFile; fileRef = AAFADE000000000000000215 /* AudioPermissionManager.swift */; };
		AAFADE000000000000000517 /* SettingsView.swift in Sources */ = {isa = PBXBuildFile; fileRef = AAFADE000000000000000216 /* SettingsView.swift */; };
		AAFADE000000000000000518 /* NativeAudioRecorderTests.swift in Sources */ = {isa = PBXBuildFile; fileRef = AAFADE000000000000000217 /* NativeAudioRecorderTests.swift */; };
		AAFADE000000000000000519 /* FluidAudioAdapter.swift in Sources */ = {isa = PBXBuildFile; fileRef = AAFADE000000000000000218 /* FluidAudioAdapter.swift */; };
		AAFADE000000000000000530 /* AppModel.swift in Sources */ = {isa = PBXBuildFile; fileRef = AAFADE000000000000000230 /* AppModel.swift */; };
		AAFADE000000000000000520 /* FluidAudioAdapterTests.swift in Sources */ = {isa = PBXBuildFile; fileRef = AAFADE000000000000000219 /* FluidAudioAdapterTests.swift */; };
		AAFADE000000000000000522 /* TranscriptionModelSettings.swift in Sources */ = {isa = PBXBuildFile; fileRef = AAFADE00000000000000021D /* TranscriptionModelSettings.swift */; };
		AAFADE000000000000000523 /* TranscriptionSettingsStoreTests.swift in Sources */ = {isa = PBXBuildFile; fileRef = AAFADE000000000000000220 /* TranscriptionSettingsStoreTests.swift */; };
		AAFADE000000000000000525 /* FluidAudio in Frameworks */ = {isa = PBXBuildFile; productRef = AAFADE000000000000000803 /* FluidAudio */; };
		AAFADE000000000000000526 /* Sparkle in Frameworks */ = {isa = PBXBuildFile; productRef = AAFADE000000000000000804 /* Sparkle */; };
		AAFADE00000000000000F006 /* MarkdownEngine in Frameworks */ = {isa = PBXBuildFile; productRef = AAFADE00000000000000F008 /* MarkdownEngine */; };
		AAFADE00000000000000052A /* MeetingNotificationScheduler.swift in Sources */ = {isa = PBXBuildFile; fileRef = AAFADE00000000000000021A /* MeetingNotificationScheduler.swift */; };
		AAFADE00000000000000052B /* MVPPolishTests.swift in Sources */ = {isa = PBXBuildFile; fileRef = AAFADE00000000000000021B /* MVPPolishTests.swift */; };
		AAFADE000000000000000560 /* NoteTakrKit in Frameworks */ = {isa = PBXBuildFile; productRef = AAFADE000000000000000851 /* NoteTakrKit */; };
		AAFADE000000000000000578 /* NotePanelController.swift in Sources */ = {isa = PBXBuildFile; fileRef = AAFADE000000000000000540 /* NotePanelController.swift */; };
		AAFADE000000000000000579 /* NoteEditorBridge.swift in Sources */ = {isa = PBXBuildFile; fileRef = AAFADE000000000000000541 /* NoteEditorBridge.swift */; };
		AAFADE00000000000000057A /* EditorView.swift in Sources */ = {isa = PBXBuildFile; fileRef = AAFADE000000000000000542 /* EditorView.swift */; };
		AAFADE00000000000000057B /* NotePanelTests.swift in Sources */ = {isa = PBXBuildFile; fileRef = AAFADE000000000000000543 /* NotePanelTests.swift */; };
		AAFADE00000000000000057C /* NoteTakrKit in Frameworks */ = {isa = PBXBuildFile; productRef = AAFADE000000000000000853 /* NoteTakrKit */; };
		AAFADE00000000000000057D /* FrontmatterPresenterBridge.swift in Sources */ = {isa = PBXBuildFile; fileRef = AAFADE000000000000000544 /* FrontmatterPresenterBridge.swift */; };
		AAFADE00000000000000057E /* ChipsRowView.swift in Sources */ = {isa = PBXBuildFile; fileRef = AAFADE000000000000000545 /* ChipsRowView.swift */; };
		AAFADE00000000000000057F /* PropertyPanelView.swift in Sources */ = {isa = PBXBuildFile; fileRef = AAFADE000000000000000546 /* PropertyPanelView.swift */; };
		AAFADE000000000000000580 /* FrontmatterPresenterBridgeTests.swift in Sources */ = {isa = PBXBuildFile; fileRef = AAFADE000000000000000547 /* FrontmatterPresenterBridgeTests.swift */; };
		AAFADE000000000000000581 /* NoteTabsBridge.swift in Sources */ = {isa = PBXBuildFile; fileRef = AAFADE000000000000000548 /* NoteTabsBridge.swift */; };
		AAFADE000000000000000582 /* SummaryGeneratingAdapter.swift in Sources */ = {isa = PBXBuildFile; fileRef = AAFADE000000000000000549 /* SummaryGeneratingAdapter.swift */; };
		AAFADE000000000000000583 /* SummaryView.swift in Sources */ = {isa = PBXBuildFile; fileRef = AAFADE00000000000000054A /* SummaryView.swift */; };
		AAFADE000000000000000584 /* TranscriptView.swift in Sources */ = {isa = PBXBuildFile; fileRef = AAFADE00000000000000054B /* TranscriptView.swift */; };
		AAFADE00000000000000F005 /* NoteTakrMarkdownEditor.swift in Sources */ = {isa = PBXBuildFile; fileRef = AAFADE00000000000000F000 /* NoteTakrMarkdownEditor.swift */; };
		AAFADE00000000000000F002 /* MarkdownTextEditor.swift in Sources */ = {isa = PBXBuildFile; fileRef = AAFADE00000000000000F001 /* MarkdownTextEditor.swift */; };
		AAFADE00000000000000F004 /* MarkdownLiveLayout.swift in Sources */ = {isa = PBXBuildFile; fileRef = AAFADE00000000000000F003 /* MarkdownLiveLayout.swift */; };
		AAFADE000000000000000585 /* NoteTabsBridgeTests.swift in Sources */ = {isa = PBXBuildFile; fileRef = AAFADE00000000000000054C /* NoteTabsBridgeTests.swift */; };
		AAFADE000000000000000586 /* SwitcherBridge.swift in Sources */ = {isa = PBXBuildFile; fileRef = AAFADE00000000000000054D /* SwitcherBridge.swift */; };
		AAFADE000000000000000587 /* SwitcherOverlayView.swift in Sources */ = {isa = PBXBuildFile; fileRef = AAFADE00000000000000054E /* SwitcherOverlayView.swift */; };
		AAFADE000000000000000588 /* SwitcherOverlayTests.swift in Sources */ = {isa = PBXBuildFile; fileRef = AAFADE00000000000000054F /* SwitcherOverlayTests.swift */; };
		AAFADE000000000000000589 /* SettingsSheetViewModel.swift in Sources */ = {isa = PBXBuildFile; fileRef = AAFADE000000000000000550 /* SettingsSheetViewModel.swift */; };
		AAFADE00000000000000058A /* SettingsSheetView.swift in Sources */ = {isa = PBXBuildFile; fileRef = AAFADE000000000000000551 /* SettingsSheetView.swift */; };
		AAFADE00000000000000058B /* SettingsSheetViewModelTests.swift in Sources */ = {isa = PBXBuildFile; fileRef = AAFADE000000000000000552 /* SettingsSheetViewModelTests.swift */; };
		AAFADE00000000000000058C /* ThemeEnvironment.swift in Sources */ = {isa = PBXBuildFile; fileRef = AAFADE000000000000000553 /* ThemeEnvironment.swift */; };
		AAFADE00000000000000058D /* VisualEffectView.swift in Sources */ = {isa = PBXBuildFile; fileRef = AAFADE000000000000000554 /* VisualEffectView.swift */; };
		AAFADE000000000000000903 /* ThemedSurface.swift in Sources */ = {isa = PBXBuildFile; fileRef = AAFADE000000000000000902 /* ThemedSurface.swift */; };
		AAFADE00000000000000058E /* PanelToggleCoordinator.swift in Sources */ = {isa = PBXBuildFile; fileRef = AAFADE000000000000000555 /* PanelToggleCoordinator.swift */; };
		AAFADE00000000000000058F /* CarbonHotkeyRegistrar.swift in Sources */ = {isa = PBXBuildFile; fileRef = AAFADE000000000000000556 /* CarbonHotkeyRegistrar.swift */; };
		AAFADE000000000000000590 /* PanelToggleCoordinatorTests.swift in Sources */ = {isa = PBXBuildFile; fileRef = AAFADE000000000000000557 /* PanelToggleCoordinatorTests.swift */; };
		AAFADE000000000000000593 /* WindowChromeView.swift in Sources */ = {isa = PBXBuildFile; fileRef = AAFADE00000000000000055A /* WindowChromeView.swift */; };
		AAFADE000000000000000594 /* KbdPillView.swift in Sources */ = {isa = PBXBuildFile; fileRef = AAFADE00000000000000055B /* KbdPillView.swift */; };
		AAFADE000000000000000595 /* AudioPlayerView.swift in Sources */ = {isa = PBXBuildFile; fileRef = AAFADE00000000000000055C /* AudioPlayerView.swift */; };
		AAFADE000000000000000596 /* MarkdownBodyView.swift in Sources */ = {isa = PBXBuildFile; fileRef = AAFADE00000000000000055D /* MarkdownBodyView.swift */; };
		AAFADE000000000000000597 /* RecordPillView.swift in Sources */ = {isa = PBXBuildFile; fileRef = AAFADE00000000000000055E /* RecordPillView.swift */; };
		AAFADE00000000000000A000 /* NoteTakrUITests.swift in Sources */ = {isa = PBXBuildFile; fileRef = AAFADE00000000000000A001 /* NoteTakrUITests.swift */; };
/* End PBXBuildFile section */

/* Begin PBXContainerItemProxy section */
		AAFADE000000000000000701 /* PBXContainerItemProxy */ = {
			isa = PBXContainerItemProxy;
			containerPortal = AAFADE000000000000000001 /* Project object */;
			proxyType = 1;
			remoteGlobalIDString = AAFADE000000000000000400;
			remoteInfo = NoteTakr;
		};
		AAFADE00000000000000A014 /* PBXContainerItemProxy */ = {
			isa = PBXContainerItemProxy;
			containerPortal = AAFADE000000000000000001 /* Project object */;
			proxyType = 1;
			remoteGlobalIDString = AAFADE000000000000000400;
			remoteInfo = NoteTakr;
		};
/* End PBXContainerItemProxy section */

/* Begin PBXFileReference section */
		AAFADE000000000000000200 /* NoteTakrApp.swift */ = {isa = PBXFileReference; lastKnownFileType = sourcecode.swift; name = NoteTakrApp.swift; path = NoteTakrApp/NoteTakrApp.swift; sourceTree = "<group>"; };
		AAFADE000000000000000201 /* AppDelegate.swift */ = {isa = PBXFileReference; lastKnownFileType = sourcecode.swift; name = AppDelegate.swift; path = NoteTakrApp/AppDelegate.swift; sourceTree = "<group>"; };
		AAFADE000000000000000202 /* StatusBarController.swift */ = {isa = PBXFileReference; lastKnownFileType = sourcecode.swift; name = StatusBarController.swift; path = NoteTakrApp/StatusBarController.swift; sourceTree = "<group>"; };
		AAFADE000000000000000203 /* Info.plist */ = {isa = PBXFileReference; lastKnownFileType = text.plist.xml; name = Info.plist; path = NoteTakrApp/Info.plist; sourceTree = "<group>"; };
		AAFADE000000000000000558 /* TranscriptionRequestingAdapter.swift */ = {isa = PBXFileReference; lastKnownFileType = sourcecode.swift; name = TranscriptionRequestingAdapter.swift; path = NoteTakrApp/Transcription/TranscriptionRequestingAdapter.swift; sourceTree = "<group>"; };
		AAFADE000000000000000559 /* RecordingBridgeIntegrationTests.swift */ = {isa = PBXFileReference; lastKnownFileType = sourcecode.swift; name = RecordingBridgeIntegrationTests.swift; path = NoteTakrTests/RecordingBridgeIntegrationTests.swift; sourceTree = "<group>"; };
		AAFADE00000000000000055A /* WindowChromeView.swift */ = {isa = PBXFileReference; lastKnownFileType = sourcecode.swift; name = WindowChromeView.swift; path = NoteTakrApp/Views/WindowChromeView.swift; sourceTree = "<group>"; };
		AAFADE00000000000000055B /* KbdPillView.swift */ = {isa = PBXFileReference; lastKnownFileType = sourcecode.swift; name = KbdPillView.swift; path = NoteTakrApp/Views/KbdPillView.swift; sourceTree = "<group>"; };
		AAFADE00000000000000055C /* AudioPlayerView.swift */ = {isa = PBXFileReference; lastKnownFileType = sourcecode.swift; name = AudioPlayerView.swift; path = NoteTakrApp/Views/AudioPlayerView.swift; sourceTree = "<group>"; };
		AAFADE00000000000000055D /* MarkdownBodyView.swift */ = {isa = PBXFileReference; lastKnownFileType = sourcecode.swift; name = MarkdownBodyView.swift; path = NoteTakrApp/Views/MarkdownBodyView.swift; sourceTree = "<group>"; };
		AAFADE00000000000000055E /* RecordPillView.swift */ = {isa = PBXFileReference; lastKnownFileType = sourcecode.swift; name = RecordPillView.swift; path = NoteTakrApp/Views/RecordPillView.swift; sourceTree = "<group>"; };
		AAFADE000000000000000206 /* EventKitCalendarAdapter.swift */ = {isa = PBXFileReference; lastKnownFileType = sourcecode.swift; name = EventKitCalendarAdapter.swift; path = NoteTakrApp/Calendar/EventKitCalendarAdapter.swift; sourceTree = "<group>"; };
		AAFADE000000000000000210 /* NoteTakrLaunchTests.swift */ = {isa = PBXFileReference; lastKnownFileType = sourcecode.swift; name = NoteTakrLaunchTests.swift; path = NoteTakrTests/NoteTakrLaunchTests.swift; sourceTree = "<group>"; };
		AAFADE000000000000000211 /* SessionViewTests.swift */ = {isa = PBXFileReference; lastKnownFileType = sourcecode.swift; name = SessionViewTests.swift; path = NoteTakrTests/SessionViewTests.swift; sourceTree = "<group>"; };
		AAFADE000000000000000212 /* EventKitAdapterTests.swift */ = {isa = PBXFileReference; lastKnownFileType = sourcecode.swift; name = EventKitAdapterTests.swift; path = NoteTakrTests/EventKitAdapterTests.swift; sourceTree = "<group>"; };
		AAFADE000000000000000213 /* NativeAudioRecorder.swift */ = {isa = PBXFileReference; lastKnownFileType = sourcecode.swift; name = NativeAudioRecorder.swift; path = NoteTakrApp/Audio/NativeAudioRecorder.swift; sourceTree = "<group>"; };
		AAFADE000000000000000214 /* SystemAudioCapturer.swift */ = {isa = PBXFileReference; lastKnownFileType = sourcecode.swift; name = SystemAudioCapturer.swift; path = NoteTakrApp/Audio/SystemAudioCapturer.swift; sourceTree = "<group>"; };
		AAFADE000000000000000215 /* AudioPermissionManager.swift */ = {isa = PBXFileReference; lastKnownFileType = sourcecode.swift; name = AudioPermissionManager.swift; path = NoteTakrApp/Audio/AudioPermissionManager.swift; sourceTree = "<group>"; };
		AAFADE000000000000000216 /* SettingsView.swift */ = {isa = PBXFileReference; lastKnownFileType = sourcecode.swift; name = SettingsView.swift; path = NoteTakrApp/Views/SettingsView.swift; sourceTree = "<group>"; };
		AAFADE000000000000000217 /* NativeAudioRecorderTests.swift */ = {isa = PBXFileReference; lastKnownFileType = sourcecode.swift; name = NativeAudioRecorderTests.swift; path = NoteTakrTests/NativeAudioRecorderTests.swift; sourceTree = "<group>"; };
		AAFADE000000000000000218 /* FluidAudioAdapter.swift */ = {isa = PBXFileReference; lastKnownFileType = sourcecode.swift; name = FluidAudioAdapter.swift; path = NoteTakrApp/Transcription/FluidAudioAdapter.swift; sourceTree = "<group>"; };
		AAFADE000000000000000230 /* AppModel.swift */ = {isa = PBXFileReference; lastKnownFileType = sourcecode.swift; name = AppModel.swift; path = NoteTakrApp/AppModel.swift; sourceTree = "<group>"; };
		AAFADE000000000000000219 /* FluidAudioAdapterTests.swift */ = {isa = PBXFileReference; lastKnownFileType = sourcecode.swift; name = FluidAudioAdapterTests.swift; path = NoteTakrTests/FluidAudioAdapterTests.swift; sourceTree = "<group>"; };
		AAFADE00000000000000021A /* MeetingNotificationScheduler.swift */ = {isa = PBXFileReference; lastKnownFileType = sourcecode.swift; name = MeetingNotificationScheduler.swift; path = NoteTakrApp/Notifications/MeetingNotificationScheduler.swift; sourceTree = "<group>"; };
		AAFADE00000000000000021B /* MVPPolishTests.swift */ = {isa = PBXFileReference; lastKnownFileType = sourcecode.swift; name = MVPPolishTests.swift; path = NoteTakrTests/MVPPolishTests.swift; sourceTree = "<group>"; };
		AAFADE000000000000000540 /* NotePanelController.swift */ = {isa = PBXFileReference; lastKnownFileType = sourcecode.swift; name = NotePanelController.swift; path = NoteTakrApp/NotePanelController.swift; sourceTree = "<group>"; };
		AAFADE000000000000000541 /* NoteEditorBridge.swift */ = {isa = PBXFileReference; lastKnownFileType = sourcecode.swift; name = NoteEditorBridge.swift; path = NoteTakrApp/NoteEditorBridge.swift; sourceTree = "<group>"; };
		AAFADE000000000000000542 /* EditorView.swift */ = {isa = PBXFileReference; lastKnownFileType = sourcecode.swift; name = EditorView.swift; path = NoteTakrApp/Views/EditorView.swift; sourceTree = "<group>"; };
		AAFADE000000000000000543 /* NotePanelTests.swift */ = {isa = PBXFileReference; lastKnownFileType = sourcecode.swift; name = NotePanelTests.swift; path = NoteTakrTests/NotePanelTests.swift; sourceTree = "<group>"; };
		AAFADE000000000000000544 /* FrontmatterPresenterBridge.swift */ = {isa = PBXFileReference; lastKnownFileType = sourcecode.swift; name = FrontmatterPresenterBridge.swift; path = NoteTakrApp/FrontmatterPresenterBridge.swift; sourceTree = "<group>"; };
		AAFADE000000000000000545 /* ChipsRowView.swift */ = {isa = PBXFileReference; lastKnownFileType = sourcecode.swift; name = ChipsRowView.swift; path = NoteTakrApp/Views/ChipsRowView.swift; sourceTree = "<group>"; };
		AAFADE000000000000000546 /* PropertyPanelView.swift */ = {isa = PBXFileReference; lastKnownFileType = sourcecode.swift; name = PropertyPanelView.swift; path = NoteTakrApp/Views/PropertyPanelView.swift; sourceTree = "<group>"; };
		AAFADE000000000000000547 /* FrontmatterPresenterBridgeTests.swift */ = {isa = PBXFileReference; lastKnownFileType = sourcecode.swift; name = FrontmatterPresenterBridgeTests.swift; path = NoteTakrTests/FrontmatterPresenterBridgeTests.swift; sourceTree = "<group>"; };
		AAFADE000000000000000548 /* NoteTabsBridge.swift */ = {isa = PBXFileReference; lastKnownFileType = sourcecode.swift; name = NoteTabsBridge.swift; path = NoteTakrApp/NoteTabsBridge.swift; sourceTree = "<group>"; };
		AAFADE000000000000000549 /* SummaryGeneratingAdapter.swift */ = {isa = PBXFileReference; lastKnownFileType = sourcecode.swift; name = SummaryGeneratingAdapter.swift; path = NoteTakrApp/SummaryGeneratingAdapter.swift; sourceTree = "<group>"; };
		AAFADE00000000000000054A /* SummaryView.swift */ = {isa = PBXFileReference; lastKnownFileType = sourcecode.swift; name = SummaryView.swift; path = NoteTakrApp/Views/SummaryView.swift; sourceTree = "<group>"; };
		AAFADE00000000000000054B /* TranscriptView.swift */ = {isa = PBXFileReference; lastKnownFileType = sourcecode.swift; name = TranscriptView.swift; path = NoteTakrApp/Views/TranscriptView.swift; sourceTree = "<group>"; };
		AAFADE00000000000000F001 /* MarkdownTextEditor.swift */ = {isa = PBXFileReference; lastKnownFileType = sourcecode.swift; name = MarkdownTextEditor.swift; path = NoteTakrApp/Views/MarkdownTextEditor.swift; sourceTree = "<group>"; };
		AAFADE00000000000000F003 /* MarkdownLiveLayout.swift */ = {isa = PBXFileReference; lastKnownFileType = sourcecode.swift; name = MarkdownLiveLayout.swift; path = NoteTakrApp/Views/MarkdownLiveLayout.swift; sourceTree = "<group>"; };
		AAFADE00000000000000054C /* NoteTabsBridgeTests.swift */ = {isa = PBXFileReference; lastKnownFileType = sourcecode.swift; name = NoteTabsBridgeTests.swift; path = NoteTakrTests/NoteTabsBridgeTests.swift; sourceTree = "<group>"; };
		AAFADE00000000000000054D /* SwitcherBridge.swift */ = {isa = PBXFileReference; lastKnownFileType = sourcecode.swift; name = SwitcherBridge.swift; path = NoteTakrApp/SwitcherBridge.swift; sourceTree = "<group>"; };
		AAFADE00000000000000054E /* SwitcherOverlayView.swift */ = {isa = PBXFileReference; lastKnownFileType = sourcecode.swift; name = SwitcherOverlayView.swift; path = NoteTakrApp/Views/SwitcherOverlayView.swift; sourceTree = "<group>"; };
		AAFADE00000000000000054F /* SwitcherOverlayTests.swift */ = {isa = PBXFileReference; lastKnownFileType = sourcecode.swift; name = SwitcherOverlayTests.swift; path = NoteTakrTests/SwitcherOverlayTests.swift; sourceTree = "<group>"; };
		AAFADE000000000000000550 /* SettingsSheetViewModel.swift */ = {isa = PBXFileReference; lastKnownFileType = sourcecode.swift; name = SettingsSheetViewModel.swift; path = NoteTakrApp/SettingsSheetViewModel.swift; sourceTree = "<group>"; };
		AAFADE000000000000000551 /* SettingsSheetView.swift */ = {isa = PBXFileReference; lastKnownFileType = sourcecode.swift; name = SettingsSheetView.swift; path = NoteTakrApp/Views/SettingsSheetView.swift; sourceTree = "<group>"; };
		AAFADE000000000000000552 /* SettingsSheetViewModelTests.swift */ = {isa = PBXFileReference; lastKnownFileType = sourcecode.swift; name = SettingsSheetViewModelTests.swift; path = NoteTakrTests/SettingsSheetViewModelTests.swift; sourceTree = "<group>"; };
		AAFADE000000000000000553 /* ThemeEnvironment.swift */ = {isa = PBXFileReference; lastKnownFileType = sourcecode.swift; name = ThemeEnvironment.swift; path = NoteTakrApp/ThemeEnvironment.swift; sourceTree = "<group>"; };
		AAFADE000000000000000554 /* VisualEffectView.swift */ = {isa = PBXFileReference; lastKnownFileType = sourcecode.swift; name = VisualEffectView.swift; path = NoteTakrApp/Views/VisualEffectView.swift; sourceTree = "<group>"; };
		AAFADE000000000000000902 /* ThemedSurface.swift */ = {isa = PBXFileReference; lastKnownFileType = sourcecode.swift; name = ThemedSurface.swift; path = NoteTakrApp/Views/ThemedSurface.swift; sourceTree = "<group>"; };
		AAFADE000000000000000555 /* PanelToggleCoordinator.swift */ = {isa = PBXFileReference; lastKnownFileType = sourcecode.swift; name = PanelToggleCoordinator.swift; path = NoteTakrApp/PanelToggleCoordinator.swift; sourceTree = "<group>"; };
		AAFADE000000000000000556 /* CarbonHotkeyRegistrar.swift */ = {isa = PBXFileReference; lastKnownFileType = sourcecode.swift; name = CarbonHotkeyRegistrar.swift; path = NoteTakrApp/CarbonHotkeyRegistrar.swift; sourceTree = "<group>"; };
		AAFADE000000000000000557 /* PanelToggleCoordinatorTests.swift */ = {isa = PBXFileReference; lastKnownFileType = sourcecode.swift; name = PanelToggleCoordinatorTests.swift; path = NoteTakrTests/PanelToggleCoordinatorTests.swift; sourceTree = "<group>"; };
		AAFADE00000000000000021D /* TranscriptionModelSettings.swift */ = {isa = PBXFileReference; lastKnownFileType = sourcecode.swift; name = TranscriptionModelSettings.swift; path = NoteTakrApp/Transcription/TranscriptionModelSettings.swift; sourceTree = "<group>"; };
		AAFADE000000000000000220 /* TranscriptionSettingsStoreTests.swift */ = {isa = PBXFileReference; lastKnownFileType = sourcecode.swift; name = TranscriptionSettingsStoreTests.swift; path = NoteTakrTests/TranscriptionSettingsStoreTests.swift; sourceTree = "<group>"; };
		AAFADE000000000000000300 /* NoteTakr.app */ = {isa = PBXFileReference; explicitFileType = wrapper.application; includeInIndex = 0; path = NoteTakr.app; sourceTree = BUILT_PRODUCTS_DIR; };
		AAFADE000000000000000310 /* NoteTakrTests.xctest */ = {isa = PBXFileReference; explicitFileType = wrapper.cfbundle; includeInIndex = 0; path = NoteTakrTests.xctest; sourceTree = BUILT_PRODUCTS_DIR; };
		AAFADE00000000000000A001 /* NoteTakrUITests.swift */ = {isa = PBXFileReference; lastKnownFileType = sourcecode.swift; name = NoteTakrUITests.swift; path = NoteTakrUITests/NoteTakrUITests.swift; sourceTree = "<group>"; };
		AAFADE00000000000000A002 /* NoteTakrUITests.xctest */ = {isa = PBXFileReference; explicitFileType = wrapper.cfbundle; includeInIndex = 0; path = NoteTakrUITests.xctest; sourceTree = BUILT_PRODUCTS_DIR; };
		AAFADE00000000000000F000 /* NoteTakrMarkdownEditor.swift */ = {isa = PBXFileReference; lastKnownFileType = sourcecode.swift; name = NoteTakrMarkdownEditor.swift; path = NoteTakrApp/Views/NoteTakrMarkdownEditor.swift; sourceTree = "<group>"; };
/* End PBXFileReference section */

/* Begin PBXFrameworksBuildPhase section */
		AAFADE000000000000000602 /* Frameworks */ = {
			isa = PBXFrameworksBuildPhase;
			buildActionMask = 2147483647;
			files = (
				AAFADE000000000000000503 /* NoteTakrCore in Frameworks */,
				AAFADE000000000000000525 /* FluidAudio in Frameworks */,
				AAFADE000000000000000526 /* Sparkle in Frameworks */,
				AAFADE000000000000000560 /* NoteTakrKit in Frameworks */,
				AAFADE00000000000000F006 /* MarkdownEngine in Frameworks */,
			);
			runOnlyForDeploymentPostprocessing = 0;
		};
		AAFADE000000000000000611 /* Frameworks */ = {
			isa = PBXFrameworksBuildPhase;
			buildActionMask = 2147483647;
			files = (
				AAFADE000000000000000511 /* NoteTakrCore in Frameworks */,
				AAFADE00000000000000057C /* NoteTakrKit in Frameworks */,
			);
			runOnlyForDeploymentPostprocessing = 0;
		};
		AAFADE00000000000000A012 /* Frameworks */ = {
			isa = PBXFrameworksBuildPhase;
			buildActionMask = 2147483647;
			files = (
			);
			runOnlyForDeploymentPostprocessing = 0;
		};
/* End PBXFrameworksBuildPhase section */

/* Begin PBXGroup section */
		AAFADE000000000000000100 /* MainGroup */ = {
			isa = PBXGroup;
			children = (
				AAFADE000000000000000110 /* NoteTakrApp */,
				AAFADE000000000000000120 /* NoteTakrTests */,
				AAFADE00000000000000A003 /* NoteTakrUITests */,
				AAFADE000000000000000130 /* Products */,
			);
			sourceTree = "<group>";
		};
		AAFADE000000000000000110 /* NoteTakrApp */ = {
			isa = PBXGroup;
			children = (
				AAFADE000000000000000200 /* NoteTakrApp.swift */,
				AAFADE000000000000000201 /* AppDelegate.swift */,
				AAFADE000000000000000202 /* StatusBarController.swift */,
				AAFADE000000000000000203 /* Info.plist */,
				AAFADE000000000000000206 /* EventKitCalendarAdapter.swift */,
				AAFADE000000000000000213 /* NativeAudioRecorder.swift */,
				AAFADE000000000000000214 /* SystemAudioCapturer.swift */,
				AAFADE000000000000000215 /* AudioPermissionManager.swift */,
				AAFADE000000000000000216 /* SettingsView.swift */,
				AAFADE000000000000000218 /* FluidAudioAdapter.swift */,
				AAFADE000000000000000230 /* AppModel.swift */,
				AAFADE00000000000000021D /* TranscriptionModelSettings.swift */,
				AAFADE000000000000000558 /* TranscriptionRequestingAdapter.swift */,
				AAFADE00000000000000021A /* MeetingNotificationScheduler.swift */,
				AAFADE000000000000000540 /* NotePanelController.swift */,
				AAFADE000000000000000541 /* NoteEditorBridge.swift */,
				AAFADE000000000000000544 /* FrontmatterPresenterBridge.swift */,
				AAFADE000000000000000542 /* EditorView.swift */,
				AAFADE000000000000000545 /* ChipsRowView.swift */,
				AAFADE000000000000000546 /* PropertyPanelView.swift */,
				AAFADE00000000000000055A /* WindowChromeView.swift */,
				AAFADE00000000000000055B /* KbdPillView.swift */,
				AAFADE00000000000000055C /* AudioPlayerView.swift */,
				AAFADE00000000000000055D /* MarkdownBodyView.swift */,
				AAFADE00000000000000055E /* RecordPillView.swift */,
				AAFADE000000000000000548 /* NoteTabsBridge.swift */,
				AAFADE000000000000000549 /* SummaryGeneratingAdapter.swift */,
				AAFADE00000000000000054A /* SummaryView.swift */,
				AAFADE00000000000000054B /* TranscriptView.swift */,
				AAFADE00000000000000F000 /* NoteTakrMarkdownEditor.swift */,
				AAFADE00000000000000F001 /* MarkdownTextEditor.swift */,
				AAFADE00000000000000F003 /* MarkdownLiveLayout.swift */,
				AAFADE00000000000000054D /* SwitcherBridge.swift */,
				AAFADE00000000000000054E /* SwitcherOverlayView.swift */,
				AAFADE000000000000000550 /* SettingsSheetViewModel.swift */,
				AAFADE000000000000000551 /* SettingsSheetView.swift */,
				AAFADE000000000000000553 /* ThemeEnvironment.swift */,
				AAFADE000000000000000554 /* VisualEffectView.swift */,
				AAFADE000000000000000902 /* ThemedSurface.swift */,
				AAFADE000000000000000555 /* PanelToggleCoordinator.swift */,
				AAFADE000000000000000556 /* CarbonHotkeyRegistrar.swift */,
			);
			name = NoteTakrApp;
			sourceTree = "<group>";
		};
		AAFADE000000000000000120 /* NoteTakrTests */ = {
			isa = PBXGroup;
			children = (
				AAFADE000000000000000210 /* NoteTakrLaunchTests.swift */,
				AAFADE000000000000000211 /* SessionViewTests.swift */,
				AAFADE000000000000000212 /* EventKitAdapterTests.swift */,
				AAFADE000000000000000217 /* NativeAudioRecorderTests.swift */,
				AAFADE000000000000000219 /* FluidAudioAdapterTests.swift */,
				AAFADE000000000000000220 /* TranscriptionSettingsStoreTests.swift */,
				AAFADE00000000000000021B /* MVPPolishTests.swift */,
				AAFADE000000000000000559 /* RecordingBridgeIntegrationTests.swift */,
				AAFADE000000000000000543 /* NotePanelTests.swift */,
				AAFADE000000000000000547 /* FrontmatterPresenterBridgeTests.swift */,
				AAFADE00000000000000054C /* NoteTabsBridgeTests.swift */,
				AAFADE00000000000000054F /* SwitcherOverlayTests.swift */,
				AAFADE000000000000000552 /* SettingsSheetViewModelTests.swift */,
				AAFADE000000000000000557 /* PanelToggleCoordinatorTests.swift */,
			);
			name = NoteTakrTests;
			sourceTree = "<group>";
		};
		AAFADE000000000000000130 /* Products */ = {
			isa = PBXGroup;
			children = (
				AAFADE000000000000000300 /* NoteTakr.app */,
				AAFADE000000000000000310 /* NoteTakrTests.xctest */,
				AAFADE00000000000000A002 /* NoteTakrUITests.xctest */,
			);
			name = Products;
			sourceTree = "<group>";
		};
		AAFADE00000000000000A003 /* NoteTakrUITests */ = {
			isa = PBXGroup;
			children = (
				AAFADE00000000000000A001 /* NoteTakrUITests.swift */,
			);
			name = NoteTakrUITests;
			sourceTree = "<group>";
		};
/* End PBXGroup section */

/* Begin PBXNativeTarget section */
		AAFADE000000000000000400 /* NoteTakr */ = {
			isa = PBXNativeTarget;
			buildConfigurationList = AAFADE000000000000000020 /* Build configuration list for PBXNativeTarget "NoteTakr" */;
			buildPhases = (
				AAFADE000000000000000600 /* Sources */,
				AAFADE000000000000000601 /* Resources */,
				AAFADE000000000000000602 /* Frameworks */,
			);
			buildRules = (
			);
			dependencies = (
			);
			name = NoteTakr;
			packageProductDependencies = (
				AAFADE000000000000000801 /* NoteTakrCore */,
				AAFADE000000000000000803 /* FluidAudio */,
				AAFADE000000000000000804 /* Sparkle */,
				AAFADE000000000000000851 /* NoteTakrKit */,
				AAFADE00000000000000F008 /* MarkdownEngine */,
			);
			productName = NoteTakr;
			productReference = AAFADE000000000000000300 /* NoteTakr.app */;
			productType = "com.apple.product-type.application";
		};
		AAFADE000000000000000410 /* NoteTakrTests */ = {
			isa = PBXNativeTarget;
			buildConfigurationList = AAFADE000000000000000030 /* Build configuration list for PBXNativeTarget "NoteTakrTests" */;
			buildPhases = (
				AAFADE000000000000000610 /* Sources */,
				AAFADE000000000000000611 /* Frameworks */,
			);
			buildRules = (
			);
			dependencies = (
				AAFADE000000000000000700 /* PBXTargetDependency */,
			);
			name = NoteTakrTests;
			packageProductDependencies = (
				AAFADE000000000000000802 /* NoteTakrCore */,
				AAFADE000000000000000853 /* NoteTakrKit */,
			);
			productName = NoteTakrTests;
			productReference = AAFADE000000000000000310 /* NoteTakrTests.xctest */;
			productType = "com.apple.product-type.bundle.unit-test";
		};
		AAFADE00000000000000A010 /* NoteTakrUITests */ = {
			isa = PBXNativeTarget;
			buildConfigurationList = AAFADE00000000000000A022 /* Build configuration list for PBXNativeTarget "NoteTakrUITests" */;
			buildPhases = (
				AAFADE00000000000000A011 /* Sources */,
				AAFADE00000000000000A012 /* Frameworks */,
			);
			buildRules = (
			);
			dependencies = (
				AAFADE00000000000000A013 /* PBXTargetDependency */,
			);
			name = NoteTakrUITests;
			packageProductDependencies = (
			);
			productName = NoteTakrUITests;
			productReference = AAFADE00000000000000A002 /* NoteTakrUITests.xctest */;
			productType = "com.apple.product-type.bundle.ui-testing";
		};
/* End PBXNativeTarget section */

/* Begin PBXProject section */
		AAFADE000000000000000001 /* Project object */ = {
			isa = PBXProject;
			attributes = {
				BuildIndependentTargetsInParallel = 1;
				LastSwiftUpdateCheck = 1430;
				LastUpgradeCheck = 1430;
				TargetAttributes = {
					AAFADE000000000000000400 = {
						CreatedOnToolsVersion = 14.3;
					};
					AAFADE000000000000000410 = {
						CreatedOnToolsVersion = 14.3;
						TestTargetID = AAFADE000000000000000400;
					};
					AAFADE00000000000000A010 = {
						CreatedOnToolsVersion = 16.0;
						TestTargetID = AAFADE000000000000000400;
					};
				};
			};
			buildConfigurationList = AAFADE000000000000000010 /* Build configuration list for PBXProject "Notetakr" */;
			compatibilityVersion = "Xcode 14.0";
			developmentRegion = en;
			hasScannedForEncodings = 0;
			knownRegions = (
				en,
				Base,
			);
			mainGroup = AAFADE000000000000000100;
			packageReferences = (
				AAFADE000000000000000800 /* XCLocalSwiftPackageReference "." */,
				AAFADE000000000000000850 /* XCLocalSwiftPackageReference "NoteTakrKit" */,
				AAFADE000000000000000900 /* XCRemoteSwiftPackageReference "FluidAudio" */,
				AAFADE000000000000000901 /* XCRemoteSwiftPackageReference "Sparkle" */,
				AAFADE00000000000000F007 /* XCRemoteSwiftPackageReference "swift-markdown-engine" */,
			);
			productRefGroup = AAFADE000000000000000130 /* Products */;
			projectDirPath = "";
			projectRoot = "";
			targets = (
				AAFADE000000000000000400 /* NoteTakr */,
				AAFADE000000000000000410 /* NoteTakrTests */,
				AAFADE00000000000000A010 /* NoteTakrUITests */,
			);
		};
/* End PBXProject section */

/* Begin PBXResourcesBuildPhase section */
		AAFADE000000000000000601 /* Resources */ = {
			isa = PBXResourcesBuildPhase;
			buildActionMask = 2147483647;
			files = (
			);
			runOnlyForDeploymentPostprocessing = 0;
		};
/* End PBXResourcesBuildPhase section */

/* Begin PBXSourcesBuildPhase section */
		AAFADE000000000000000600 /* Sources */ = {
			isa = PBXSourcesBuildPhase;
			buildActionMask = 2147483647;
			files = (
				AAFADE000000000000000500 /* NoteTakrApp.swift in Sources */,
				AAFADE000000000000000501 /* AppDelegate.swift in Sources */,
				AAFADE000000000000000502 /* StatusBarController.swift in Sources */,
				AAFADE000000000000000506 /* EventKitCalendarAdapter.swift in Sources */,
				AAFADE000000000000000514 /* NativeAudioRecorder.swift in Sources */,
				AAFADE000000000000000515 /* SystemAudioCapturer.swift in Sources */,
				AAFADE000000000000000516 /* AudioPermissionManager.swift in Sources */,
				AAFADE000000000000000517 /* SettingsView.swift in Sources */,
				AAFADE000000000000000519 /* FluidAudioAdapter.swift in Sources */,
				AAFADE000000000000000530 /* AppModel.swift in Sources */,
				AAFADE000000000000000522 /* TranscriptionModelSettings.swift in Sources */,
				AAFADE000000000000000591 /* TranscriptionRequestingAdapter.swift in Sources */,
				AAFADE00000000000000052A /* MeetingNotificationScheduler.swift in Sources */,
				AAFADE000000000000000578 /* NotePanelController.swift in Sources */,
				AAFADE000000000000000579 /* NoteEditorBridge.swift in Sources */,
				AAFADE00000000000000057D /* FrontmatterPresenterBridge.swift in Sources */,
				AAFADE00000000000000057A /* EditorView.swift in Sources */,
				AAFADE00000000000000057E /* ChipsRowView.swift in Sources */,
				AAFADE00000000000000057F /* PropertyPanelView.swift in Sources */,
				AAFADE000000000000000593 /* WindowChromeView.swift in Sources */,
				AAFADE000000000000000594 /* KbdPillView.swift in Sources */,
				AAFADE000000000000000595 /* AudioPlayerView.swift in Sources */,
				AAFADE000000000000000596 /* MarkdownBodyView.swift in Sources */,
				AAFADE000000000000000597 /* RecordPillView.swift in Sources */,
				AAFADE000000000000000581 /* NoteTabsBridge.swift in Sources */,
				AAFADE000000000000000582 /* SummaryGeneratingAdapter.swift in Sources */,
				AAFADE000000000000000583 /* SummaryView.swift in Sources */,
				AAFADE000000000000000584 /* TranscriptView.swift in Sources */,
				AAFADE00000000000000F005 /* NoteTakrMarkdownEditor.swift in Sources */,
				AAFADE00000000000000F002 /* MarkdownTextEditor.swift in Sources */,
				AAFADE00000000000000F004 /* MarkdownLiveLayout.swift in Sources */,
				AAFADE000000000000000586 /* SwitcherBridge.swift in Sources */,
				AAFADE000000000000000587 /* SwitcherOverlayView.swift in Sources */,
				AAFADE000000000000000589 /* SettingsSheetViewModel.swift in Sources */,
				AAFADE00000000000000058A /* SettingsSheetView.swift in Sources */,
				AAFADE00000000000000058C /* ThemeEnvironment.swift in Sources */,
				AAFADE00000000000000058D /* VisualEffectView.swift in Sources */,
				AAFADE000000000000000903 /* ThemedSurface.swift in Sources */,
				AAFADE00000000000000058E /* PanelToggleCoordinator.swift in Sources */,
				AAFADE00000000000000058F /* CarbonHotkeyRegistrar.swift in Sources */,
			);
			runOnlyForDeploymentPostprocessing = 0;
		};
		AAFADE000000000000000610 /* Sources */ = {
			isa = PBXSourcesBuildPhase;
			buildActionMask = 2147483647;
			files = (
				AAFADE000000000000000510 /* NoteTakrLaunchTests.swift in Sources */,
				AAFADE000000000000000512 /* SessionViewTests.swift in Sources */,
				AAFADE000000000000000513 /* EventKitAdapterTests.swift in Sources */,
				AAFADE000000000000000518 /* NativeAudioRecorderTests.swift in Sources */,
				AAFADE000000000000000520 /* FluidAudioAdapterTests.swift in Sources */,
				AAFADE000000000000000523 /* TranscriptionSettingsStoreTests.swift in Sources */,
				AAFADE00000000000000052B /* MVPPolishTests.swift in Sources */,
				AAFADE000000000000000592 /* RecordingBridgeIntegrationTests.swift in Sources */,
				AAFADE00000000000000057B /* NotePanelTests.swift in Sources */,
				AAFADE000000000000000580 /* FrontmatterPresenterBridgeTests.swift in Sources */,
				AAFADE000000000000000585 /* NoteTabsBridgeTests.swift in Sources */,
				AAFADE000000000000000588 /* SwitcherOverlayTests.swift in Sources */,
				AAFADE00000000000000058B /* SettingsSheetViewModelTests.swift in Sources */,
				AAFADE000000000000000590 /* PanelToggleCoordinatorTests.swift in Sources */,
			);
			runOnlyForDeploymentPostprocessing = 0;
		};
		AAFADE00000000000000A011 /* Sources */ = {
			isa = PBXSourcesBuildPhase;
			buildActionMask = 2147483647;
			files = (
				AAFADE00000000000000A000 /* NoteTakrUITests.swift in Sources */,
			);
			runOnlyForDeploymentPostprocessing = 0;
		};
/* End PBXSourcesBuildPhase section */

/* Begin PBXTargetDependency section */
		AAFADE000000000000000700 /* PBXTargetDependency */ = {
			isa = PBXTargetDependency;
			target = AAFADE000000000000000400 /* NoteTakr */;
			targetProxy = AAFADE000000000000000701 /* PBXContainerItemProxy */;
		};
		AAFADE00000000000000A013 /* PBXTargetDependency */ = {
			isa = PBXTargetDependency;
			target = AAFADE000000000000000400 /* NoteTakr */;
			targetProxy = AAFADE00000000000000A014 /* PBXContainerItemProxy */;
		};
/* End PBXTargetDependency section */

/* Begin XCBuildConfiguration section */
		AAFADE000000000000000011 /* Debug */ = {
			isa = XCBuildConfiguration;
			buildSettings = {
				ALWAYS_SEARCH_USER_PATHS = NO;
				CLANG_ANALYZER_NONNULL = YES;
				CLANG_CXX_LANGUAGE_STANDARD = "gnu++20";
				CLANG_ENABLE_MODULES = YES;
				CLANG_ENABLE_OBJC_ARC = YES;
				CLANG_ENABLE_OBJC_WEAK = YES;
				CLANG_WARN_BOOL_CONVERSION = YES;
				CLANG_WARN_CONSTANT_CONVERSION = YES;
				CLANG_WARN_DEPRECATED_OBJC_IMPLEMENTATIONS = YES;
				CLANG_WARN_DIRECT_OBJC_ISA_USAGE = YES_ERROR;
				CLANG_WARN_EMPTY_BODY = YES;
				CLANG_WARN_ENUM_CONVERSION = YES;
				CLANG_WARN_INFINITE_RECURSION = YES;
				CLANG_WARN_INT_CONVERSION = YES;
				CLANG_WARN_NON_LITERAL_NULL_CONVERSION = YES;
				CLANG_WARN_OBJC_IMPLICIT_RETAIN_SELF = YES;
				CLANG_WARN_OBJC_LITERAL_CONVERSION = YES;
				CLANG_WARN_OBJC_ROOT_CLASS = YES_ERROR;
				CLANG_WARN_RANGE_LOOP_ANALYSIS = YES;
				CLANG_WARN_SUSPICIOUS_MOVE = YES;
				CLANG_WARN_UNREACHABLE_CODE = YES;
				CLANG_WARN__DUPLICATE_METHOD_EXCEPTION = YES;
				COPY_PHASE_STRIP = NO;
				DEBUG_INFORMATION_FORMAT = dwarf;
				ENABLE_STRICT_OBJC_MSGSEND = YES;
				ENABLE_TESTABILITY = YES;
				GCC_C_LANGUAGE_STANDARD = gnu17;
				GCC_DYNAMIC_NO_PIC = NO;
				GCC_NO_COMMON_BLOCKS = YES;
				GCC_OPTIMIZATION_LEVEL = 0;
				GCC_PREPROCESSOR_DEFINITIONS = (
					"DEBUG=1",
					"$(inherited)",
				);
				GCC_WARN_64_TO_32_BIT_CONVERSION = YES;
				GCC_WARN_ABOUT_RETURN_TYPE = YES_ERROR;
				GCC_WARN_UNDECLARED_SELECTOR = YES;
				GCC_WARN_UNINITIALIZED_AUTOS = YES_AGGRESSIVE;
				GCC_WARN_UNUSED_FUNCTION = YES;
				GCC_WARN_UNUSED_VARIABLE = YES;
				MACOSX_DEPLOYMENT_TARGET = 14.0;
				ONLY_ACTIVE_ARCH = YES;
				SDKROOT = macosx;
				SWIFT_ACTIVE_COMPILATION_CONDITIONS = DEBUG;
				SWIFT_OPTIMIZATION_LEVEL = "-Onone";
			};
			name = Debug;
		};
		AAFADE000000000000000012 /* Release */ = {
			isa = XCBuildConfiguration;
			buildSettings = {
				ALWAYS_SEARCH_USER_PATHS = NO;
				CLANG_ANALYZER_NONNULL = YES;
				CLANG_CXX_LANGUAGE_STANDARD = "gnu++20";
				CLANG_ENABLE_MODULES = YES;
				CLANG_ENABLE_OBJC_ARC = YES;
				CLANG_ENABLE_OBJC_WEAK = YES;
				CLANG_WARN_BOOL_CONVERSION = YES;
				CLANG_WARN_CONSTANT_CONVERSION = YES;
				CLANG_WARN_DEPRECATED_OBJC_IMPLEMENTATIONS = YES;
				CLANG_WARN_DIRECT_OBJC_ISA_USAGE = YES_ERROR;
				CLANG_WARN_EMPTY_BODY = YES;
				CLANG_WARN_ENUM_CONVERSION = YES;
				CLANG_WARN_INFINITE_RECURSION = YES;
				CLANG_WARN_INT_CONVERSION = YES;
				CLANG_WARN_NON_LITERAL_NULL_CONVERSION = YES;
				CLANG_WARN_OBJC_IMPLICIT_RETAIN_SELF = YES;
				CLANG_WARN_OBJC_LITERAL_CONVERSION = YES;
				CLANG_WARN_OBJC_ROOT_CLASS = YES_ERROR;
				CLANG_WARN_RANGE_LOOP_ANALYSIS = YES;
				CLANG_WARN_SUSPICIOUS_MOVE = YES;
				CLANG_WARN_UNREACHABLE_CODE = YES;
				CLANG_WARN__DUPLICATE_METHOD_EXCEPTION = YES;
				COPY_PHASE_STRIP = NO;
				DEBUG_INFORMATION_FORMAT = "dwarf-with-dsym";
				ENABLE_NS_ASSERTIONS = NO;
				ENABLE_STRICT_OBJC_MSGSEND = YES;
				GCC_C_LANGUAGE_STANDARD = gnu17;
				GCC_NO_COMMON_BLOCKS = YES;
				GCC_WARN_64_TO_32_BIT_CONVERSION = YES;
				GCC_WARN_ABOUT_RETURN_TYPE = YES_ERROR;
				GCC_WARN_UNDECLARED_SELECTOR = YES;
				GCC_WARN_UNINITIALIZED_AUTOS = YES_AGGRESSIVE;
				GCC_WARN_UNUSED_FUNCTION = YES;
				GCC_WARN_UNUSED_VARIABLE = YES;
				MACOSX_DEPLOYMENT_TARGET = 14.0;
				SDKROOT = macosx;
				SWIFT_COMPILATION_MODE = wholemodule;
				SWIFT_OPTIMIZATION_LEVEL = "-O";
			};
			name = Release;
		};
		AAFADE000000000000000021 /* Debug */ = {
			isa = XCBuildConfiguration;
			buildSettings = {
				CODE_SIGN_ENTITLEMENTS = NoteTakrApp/NoteTakr.entitlements;
				CODE_SIGN_STYLE = Automatic;
				COMBINE_HIDPI_IMAGES = YES;
				CURRENT_PROJECT_VERSION = 1;
				DEVELOPMENT_TEAM = "";
				ENABLE_HARDENED_RUNTIME = YES;
				GENERATE_INFOPLIST_FILE = NO;
				INFOPLIST_FILE = NoteTakrApp/Info.plist;
				LD_RUNPATH_SEARCH_PATHS = (
					"$(inherited)",
					"@executable_path/../Frameworks",
				);
				MARKETING_VERSION = 1.0;
				PRODUCT_BUNDLE_IDENTIFIER = "com.notetakr.app";
				PRODUCT_NAME = "$(TARGET_NAME)";
				SPARKLE_FEED_URL = "https://raw.githubusercontent.com/luiskisters/notetakr/gh-pages/appcast.xml";
				SPARKLE_PUBLIC_ED_KEY = "";
				SWIFT_EMIT_LOC_STRINGS = YES;
				SWIFT_VERSION = 5.0;
			};
			name = Debug;
		};
		AAFADE000000000000000022 /* Release */ = {
			isa = XCBuildConfiguration;
			buildSettings = {
				CODE_SIGN_ENTITLEMENTS = NoteTakrApp/NoteTakr.entitlements;
				CODE_SIGN_STYLE = Automatic;
				COMBINE_HIDPI_IMAGES = YES;
				CURRENT_PROJECT_VERSION = 1;
				DEVELOPMENT_TEAM = "";
				ENABLE_HARDENED_RUNTIME = YES;
				GENERATE_INFOPLIST_FILE = NO;
				INFOPLIST_FILE = NoteTakrApp/Info.plist;
				LD_RUNPATH_SEARCH_PATHS = (
					"$(inherited)",
					"@executable_path/../Frameworks",
				);
				MARKETING_VERSION = 1.0;
				PRODUCT_BUNDLE_IDENTIFIER = "com.notetakr.app";
				PRODUCT_NAME = "$(TARGET_NAME)";
				SPARKLE_FEED_URL = "https://raw.githubusercontent.com/luiskisters/notetakr/gh-pages/appcast.xml";
				SPARKLE_PUBLIC_ED_KEY = "";
				SWIFT_EMIT_LOC_STRINGS = YES;
				SWIFT_VERSION = 5.0;
			};
			name = Release;
		};
		AAFADE000000000000000031 /* Debug */ = {
			isa = XCBuildConfiguration;
			buildSettings = {
				BUNDLE_LOADER = "$(TEST_HOST)";
				CODE_SIGN_STYLE = Automatic;
				CURRENT_PROJECT_VERSION = 1;
				DEVELOPMENT_TEAM = "";
				GENERATE_INFOPLIST_FILE = YES;
				LD_RUNPATH_SEARCH_PATHS = (
					"$(inherited)",
					"@executable_path/../Frameworks",
					"@loader_path/../Frameworks",
				);
				MARKETING_VERSION = 1.0;
				PRODUCT_BUNDLE_IDENTIFIER = "com.notetakr.app.tests";
				PRODUCT_NAME = "$(TARGET_NAME)";
				SWIFT_VERSION = 5.0;
				TEST_HOST = "$(BUILT_PRODUCTS_DIR)/NoteTakr.app/Contents/MacOS/NoteTakr";
			};
			name = Debug;
		};
		AAFADE000000000000000032 /* Release */ = {
			isa = XCBuildConfiguration;
			buildSettings = {
				BUNDLE_LOADER = "$(TEST_HOST)";
				CODE_SIGN_STYLE = Automatic;
				CURRENT_PROJECT_VERSION = 1;
				DEVELOPMENT_TEAM = "";
				GENERATE_INFOPLIST_FILE = YES;
				LD_RUNPATH_SEARCH_PATHS = (
					"$(inherited)",
					"@executable_path/../Frameworks",
					"@loader_path/../Frameworks",
				);
				MARKETING_VERSION = 1.0;
				PRODUCT_BUNDLE_IDENTIFIER = "com.notetakr.app.tests";
				PRODUCT_NAME = "$(TARGET_NAME)";
				SWIFT_VERSION = 5.0;
				TEST_HOST = "$(BUILT_PRODUCTS_DIR)/NoteTakr.app/Contents/MacOS/NoteTakr";
			};
			name = Release;
		};
		AAFADE00000000000000A020 /* Debug */ = {
			isa = XCBuildConfiguration;
			buildSettings = {
				CODE_SIGN_STYLE = Automatic;
				CURRENT_PROJECT_VERSION = 1;
				DEVELOPMENT_TEAM = "";
				GENERATE_INFOPLIST_FILE = YES;
				MACOSX_DEPLOYMENT_TARGET = 14.0;
				MARKETING_VERSION = 1.0;
				PRODUCT_BUNDLE_IDENTIFIER = "com.notetakr.app.uitests";
				PRODUCT_NAME = "$(TARGET_NAME)";
				SWIFT_VERSION = 5.0;
				TEST_TARGET_NAME = NoteTakr;
			};
			name = Debug;
		};
		AAFADE00000000000000A021 /* Release */ = {
			isa = XCBuildConfiguration;
			buildSettings = {
				CODE_SIGN_STYLE = Automatic;
				CURRENT_PROJECT_VERSION = 1;
				DEVELOPMENT_TEAM = "";
				GENERATE_INFOPLIST_FILE = YES;
				MACOSX_DEPLOYMENT_TARGET = 14.0;
				MARKETING_VERSION = 1.0;
				PRODUCT_BUNDLE_IDENTIFIER = "com.notetakr.app.uitests";
				PRODUCT_NAME = "$(TARGET_NAME)";
				SWIFT_VERSION = 5.0;
				TEST_TARGET_NAME = NoteTakr;
			};
			name = Release;
		};
/* End XCBuildConfiguration section */

/* Begin XCConfigurationList section */
		AAFADE000000000000000010 /* Build configuration list for PBXProject "Notetakr" */ = {
			isa = XCConfigurationList;
			buildConfigurations = (
				AAFADE000000000000000011 /* Debug */,
				AAFADE000000000000000012 /* Release */,
			);
			defaultConfigurationIsVisible = 0;
			defaultConfigurationName = Release;
		};
		AAFADE000000000000000020 /* Build configuration list for PBXNativeTarget "NoteTakr" */ = {
			isa = XCConfigurationList;
			buildConfigurations = (
				AAFADE000000000000000021 /* Debug */,
				AAFADE000000000000000022 /* Release */,
			);
			defaultConfigurationIsVisible = 0;
			defaultConfigurationName = Release;
		};
		AAFADE000000000000000030 /* Build configuration list for PBXNativeTarget "NoteTakrTests" */ = {
			isa = XCConfigurationList;
			buildConfigurations = (
				AAFADE000000000000000031 /* Debug */,
				AAFADE000000000000000032 /* Release */,
			);
			defaultConfigurationIsVisible = 0;
			defaultConfigurationName = Release;
		};
		AAFADE00000000000000A022 /* Build configuration list for PBXNativeTarget "NoteTakrUITests" */ = {
			isa = XCConfigurationList;
			buildConfigurations = (
				AAFADE00000000000000A020 /* Debug */,
				AAFADE00000000000000A021 /* Release */,
			);
			defaultConfigurationIsVisible = 0;
			defaultConfigurationName = Release;
		};
/* End XCConfigurationList section */

/* Begin XCLocalSwiftPackageReference section */
		AAFADE000000000000000800 /* XCLocalSwiftPackageReference "." */ = {
			isa = XCLocalSwiftPackageReference;
			relativePath = .;
		};
		AAFADE000000000000000850 /* XCLocalSwiftPackageReference "NoteTakrKit" */ = {
			isa = XCLocalSwiftPackageReference;
			relativePath = NoteTakrKit;
		};
/* End XCLocalSwiftPackageReference section */

/* Begin XCRemoteSwiftPackageReference section */
		AAFADE000000000000000900 /* XCRemoteSwiftPackageReference "FluidAudio" */ = {
			isa = XCRemoteSwiftPackageReference;
			repositoryURL = "https://github.com/FluidInference/FluidAudio.git";
			requirement = {
				kind = upToNextMajorVersion;
				minimumVersion = 0.12.4;
			};
		};
		AAFADE000000000000000901 /* XCRemoteSwiftPackageReference "Sparkle" */ = {
			isa = XCRemoteSwiftPackageReference;
			repositoryURL = "https://github.com/sparkle-project/Sparkle.git";
			requirement = {
				kind = upToNextMajorVersion;
				minimumVersion = 2.9.3;
			};
		};
		AAFADE00000000000000F007 /* XCRemoteSwiftPackageReference "swift-markdown-engine" */ = {
			isa = XCRemoteSwiftPackageReference;
			repositoryURL = "https://github.com/nodes-app/swift-markdown-engine";
			requirement = {
				kind = exactVersion;
				version = 0.7.0;
			};
		};
/* End XCRemoteSwiftPackageReference section */

/* Begin XCSwiftPackageProductDependency section */
		AAFADE000000000000000801 /* NoteTakrCore */ = {
			isa = XCSwiftPackageProductDependency;
			package = AAFADE000000000000000800 /* XCLocalSwiftPackageReference "." */;
			productName = NoteTakrCore;
		};
		AAFADE000000000000000802 /* NoteTakrCore */ = {
			isa = XCSwiftPackageProductDependency;
			package = AAFADE000000000000000800 /* XCLocalSwiftPackageReference "." */;
			productName = NoteTakrCore;
		};
		AAFADE000000000000000803 /* FluidAudio */ = {
			isa = XCSwiftPackageProductDependency;
			package = AAFADE000000000000000900 /* XCRemoteSwiftPackageReference "FluidAudio" */;
			productName = FluidAudio;
		};
		AAFADE000000000000000804 /* Sparkle */ = {
			isa = XCSwiftPackageProductDependency;
			package = AAFADE000000000000000901 /* XCRemoteSwiftPackageReference "Sparkle" */;
			productName = Sparkle;
		};
		AAFADE000000000000000851 /* NoteTakrKit */ = {
			isa = XCSwiftPackageProductDependency;
			package = AAFADE000000000000000850 /* XCLocalSwiftPackageReference "NoteTakrKit" */;
			productName = NoteTakrKit;
		};
		AAFADE000000000000000853 /* NoteTakrKit */ = {
			isa = XCSwiftPackageProductDependency;
			package = AAFADE000000000000000850 /* XCLocalSwiftPackageReference "NoteTakrKit" */;
			productName = NoteTakrKit;
		};
		AAFADE00000000000000F008 /* MarkdownEngine */ = {
			isa = XCSwiftPackageProductDependency;
			package = AAFADE00000000000000F007 /* XCRemoteSwiftPackageReference "swift-markdown-engine" */;
			productName = MarkdownEngine;
		};
/* End XCSwiftPackageProductDependency section */
	};
	rootObject = AAFADE000000000000000001 /* Project object */;
}
